<?xml version="1.0" encoding="utf-8"?>
<Project ToolsVersion="4.0" xmlns="http://schemas.microsoft.com/developer/msbuild/2003">
  <ItemGroup>
    <Filter Include="Source Files">
      <UniqueIdentifier>{9bf117df-b576-4f88-98cb-71188626db0d}</UniqueIdentifier>
      <Extensions>cpp;c;cxx;rc;def;r;odl;idl;hpj;bat</Extensions>
    </Filter>
    <Filter Include="Header Files">
      <UniqueIdentifier>{bc68d3c2-742c-4c50-9e67-7f21ccb89988}</UniqueIdentifier>
      <Extensions>h;hpp;hxx;hm;inl</Extensions>
    </Filter>
    <Filter Include="Resource Files">
      <UniqueIdentifier>{2c645b10-f01c-4fc6-8d33-7e31dbc8b12a}</UniqueIdentifier>
      <Extensions>ico;cur;bmp;dlg;rc2;rct;bin;rgs;gif;jpg;jpeg;jpe</Extensions>
    </Filter>
  </ItemGroup>
  <ItemGroup>
    <ClCompile Include="ChannelCreateInfo.cpp">
      <Filter>Source Files</Filter>
    </ClCompile>
    <ClCompile Include="ChannelInfo.cpp">
      <Filter>Source Files</Filter>
    </ClCompile>
    <ClCompile Include="ChannelPropDlg1.cpp">
      <Filter>Source Files</Filter>
    </ClCompile>
    <ClCompile Include="ChannelWizFirst.cpp">
      <Filter>Source Files</Filter>
    </ClCompile>
    <ClCompile Include="ChannelWizFourth.cpp">
      <Filter>Source Files</Filter>
    </ClCompile>
    <ClCompile Include="ChannelWizResult.cpp">
      <Filter>Source Files</Filter>
    </ClCompile>
    <ClCompile Include="ChannelWizSecond.cpp">
      <Filter>Source Files</Filter>
    </ClCompile>
    <ClCompile Include="ChannelWizThird.cpp">
      <Filter>Source Files</Filter>
    </ClCompile>
    <ClCompile Include="LeftView.cpp">
      <Filter>Source Files</Filter>
    </ClCompile>
    <ClCompile Include="MainFrm.cpp">
      <Filter>Source Files</Filter>
    </ClCompile>
    <ClCompile Include="NetButton.cpp">
      <Filter>Source Files</Filter>
    </ClCompile>
    <ClCompile Include="OPCDMConf1.cpp">
      <Filter>Source Files</Filter>
    </ClCompile>
    <ClCompile Include="OPCDMConf1Doc.cpp">
      <Filter>Source Files</Filter>
    </ClCompile>
    <ClCompile Include="OPCDMConf1View.cpp">
      <Filter>Source Files</Filter>
    </ClCompile>
    <ClCompile Include="RegidtryPropDlg.cpp">
      <Filter>Source Files</Filter>
    </ClCompile>
    <ClCompile Include="Splash.cpp">
      <Filter>Source Files</Filter>
    </ClCompile>
    <ClCompile Include="StdAfx.cpp">
      <Filter>Source Files</Filter>
    </ClCompile>
    <ClCompile Include="TagPropDlg.cpp">
      <Filter>Source Files</Filter>
    </ClCompile>
    <ClCompile Include="TagPropEditDlg.cpp">
      <Filter>Source Files</Filter>
    </ClCompile>
    <ClCompile Include="TagsDelDlg.cpp">
      <Filter>Source Files</Filter>
    </ClCompile>
    <ClCompile Include="TestTagsAdd.cpp">
      <Filter>Source Files</Filter>
    </ClCompile>
    <ClCompile Include="TestTagsAddFirst.cpp">
      <Filter>Source Files</Filter>
    </ClCompile>
    <ClCompile Include="TestTagsBaseProps.cpp">
      <Filter>Source Files</Filter>
    </ClCompile>
    <ClCompile Include="WizardDlg.cpp">
      <Filter>Source Files</Filter>
    </ClCompile>
  </ItemGroup>
  <ItemGroup>
    <ResourceCompile Include="OPCDMConf1.rc">
      <Filter>Source Files</Filter>
    </ResourceCompile>
  </ItemGroup>
  <ItemGroup>
    <ClInclude Include="ChannelCreateInfo.h">
      <Filter>Header Files</Filter>
    </ClInclude>
    <ClInclude Include="ChannelInfo.h">
      <Filter>Header Files</Filter>
    </ClInclude>
    <ClInclude Include="ChannelPropDlg1.h">
      <Filter>Header Files</Filter>
    </ClInclude>
    <ClInclude Include="ChannelWizFirst.h">
      <Filter>Header Files</Filter>
    </ClInclude>
    <ClInclude Include="ChannelWizFourth.h">
      <Filter>Header Files</Filter>
    </ClInclude>
    <ClInclude Include="ChannelWizResult.h">
      <Filter>Header Files</Filter>
    </ClInclude>
    <ClInclude Include="ChannelWizSecond.h">
      <Filter>Header Files</Filter>
    </ClInclude>
    <ClInclude Include="ChannelWizThird.h">
      <Filter>Header Files</Filter>
    </ClInclude>
    <ClInclude Include="LeftView.h">
      <Filter>Header Files</Filter>
    </ClInclude>
    <ClInclude Include="MainFrm.h">
      <Filter>Header Files</Filter>
    </ClInclude>
    <ClInclude Include="NetButton.h">
      <Filter>Header Files</Filter>
    </ClInclude>
    <ClInclude Include="OPCDMConf1.h">
      <Filter>Header Files</Filter>
    </ClInclude>
    <ClInclude Include="OPCDMConf1Doc.h">
      <Filter>Header Files</Filter>
    </ClInclude>
    <ClInclude Include="OPCDMConf1View.h">
      <Filter>Header Files</Filter>
    </ClInclude>
    <ClInclude Include="RegidtryPropDlg.h">
      <Filter>Header Files</Filter>
    </ClInclude>
    <ClInclude Include="Resource.h">
      <Filter>Header Files</Filter>
    </ClInclude>
    <ClInclude Include="Splash.h">
      <Filter>Header Files</Filter>
    </ClInclude>
    <ClInclude Include="StdAfx.h">
      <Filter>Header Files</Filter>
    </ClInclude>
    <ClInclude Include="TagPropDlg.h">
      <Filter>Header Files</Filter>
    </ClInclude>
    <ClInclude Include="TagPropEditDlg.h">
      <Filter>Header Files</Filter>
    </ClInclude>
    <ClInclude Include="TagsDelDlg.h">
      <Filter>Header Files</Filter>
    </ClInclude>
    <ClInclude Include="TestTagsAdd.h">
      <Filter>Header Files</Filter>
    </ClInclude>
    <ClInclude Include="TestTagsAddFirst.h">
      <Filter>Header Files</Filter>
    </ClInclude>
    <ClInclude Include="TestTagsBaseProps.h">
      <Filter>Header Files</Filter>
    </ClInclude>
    <ClInclude Include="WizardDlg.h">
      <Filter>Header Files</Filter>
    </ClInclude>
  </ItemGroup>
  <ItemGroup>
    <Image Include="res\addport.ico">
      <Filter>Resource Files</Filter>
    </Image>
    <Image Include="res\bitmap1.bmp">
      <Filter>Resource Files</Filter>
    </Image>
    <Image Include="res\connect.ico">
      <Filter>Resource Files</Filter>
    </Image>
    <Image Include="res\connection.ico">
      <Filter>Resource Files</Filter>
    </Image>
    <Image Include="res\connectOff.ico">
      <Filter>Resource Files</Filter>
    </Image>
    <Image Include="res\connectproperty.ico">
      <Filter>Resource Files</Filter>
    </Image>
    <Image Include="res\datas.ico">
      <Filter>Resource Files</Filter>
    </Image>
    <Image Include="res\delport.ico">
      <Filter>Resource Files</Filter>
    </Image>
    <Image Include="res\ecnfg.ico">
      <Filter>Resource Files</Filter>
    </Image>
    <Image Include="res\ecnfg111.ico">
      <Filter>Resource Files</Filter>
    </Image>
    <Image Include="res\ico00001.ico">
      <Filter>Resource Files</Filter>
    </Image>
    <Image Include="res\icon1.ico">
      <Filter>Resource Files</Filter>
    </Image>
    <Image Include="res\icon17.ico">
      <Filter>Resource Files</Filter>
    </Image>
    <Image Include="res\icon18.ico">
      <Filter>Resource Files</Filter>
    </Image>
    <Image Include="res\icon_cha.ico">
      <Filter>Resource Files</Filter>
    </Image>
    <Image Include="res\idr_main.ico">
      <Filter>Resource Files</Filter>
    </Image>
    <Image Include="res\idr_opcd.ico">
      <Filter>Resource Files</Filter>
    </Image>
    <Image Include="res\leo.bmp">
      <Filter>Resource Files</Filter>
    </Image>
    <Image Include="Logo.bmp">
      <Filter>Resource Files</Filter>
    </Image>
    <Image Include="res\mainfram.bmp">
      <Filter>Resource Files</Filter>
    </Image>
    <Image Include="res\module1.ico">
      <Filter>Resource Files</Filter>
    </Image>
    <Image Include="res\module2.ico">
      <Filter>Resource Files</Filter>
    </Image>
    <Image Include="res\moduleadd.ico">
      <Filter>Resource Files</Filter>
    </Image>
    <Image Include="res\moduledel.ico">
      <Filter>Resource Files</Filter>
    </Image>
    <Image Include="res\moduleproperty.ico">
      <Filter>Resource Files</Filter>
    </Image>
    <Image Include="res\OPCDMConf1.ico">
      <Filter>Resource Files</Filter>
    </Image>
    <Image Include="res\OPCDMConf1Doc.ico">
      <Filter>Resource Files</Filter>
    </Image>
    <Image Include="res\tagproperty.ico">
      <Filter>Resource Files</Filter>
    </Image>
    <Image Include="res\Toolbar.bmp">
      <Filter>Resource Files</Filter>
    </Image>
  </ItemGroup>
  <ItemGroup>
    <None Include="res\OPCDMConf1.rc2">
      <Filter>Resource Files</Filter>
    </None>
  </ItemGroup>
  <ItemGroup>
    <Text Include="ReadMe.txt" />
  </ItemGroup>
</Project>