<?xml version="1.0" encoding="utf-8"?>
<Project ToolsVersion="4.0" xmlns="http://schemas.microsoft.com/developer/msbuild/2003">
  <ItemGroup>
    <Filter Include="Source Files">
      <UniqueIdentifier>{85aefb62-412c-4f7e-a14e-88c6b70716e3}</UniqueIdentifier>
      <Extensions>cpp;c;cxx;rc;def;r;odl;idl;hpj;bat</Extensions>
    </Filter>
    <Filter Include="Header Files">
      <UniqueIdentifier>{2873fb69-1c06-43b1-9a2d-61994b572e21}</UniqueIdentifier>
      <Extensions>h;hpp;hxx;hm;inl</Extensions>
    </Filter>
    <Filter Include="Resource Files">
      <UniqueIdentifier>{8fee9431-0b72-40f5-88f3-b2aa2c9311af}</UniqueIdentifier>
      <Extensions>ico;cur;bmp;dlg;rc2;rct;bin;rgs;gif;jpg;jpeg;jpe</Extensions>
    </Filter>
  </ItemGroup>
  <ItemGroup>
    <ClCompile Include="AsyncXMLRead.cpp">
      <Filter>Source Files</Filter>
    </ClCompile>
    <ClCompile Include="CThread.cpp">
      <Filter>Source Files</Filter>
    </ClCompile>
    <ClCompile Include="CXMLPlug.cpp">
      <Filter>Source Files</Filter>
    </ClCompile>
    <ClCompile Include="StdAfx.cpp">
      <Filter>Source Files</Filter>
    </ClCompile>
    <ClCompile Include="XML2OPCPlugin.cpp">
      <Filter>Source Files</Filter>
    </ClCompile>
    <ClCompile Include="SimpleLogFile.cpp">
      <Filter>Source Files</Filter>
    </ClCompile>
  </ItemGroup>
  <ItemGroup>
    <None Include="XML2OPCPlugin.def">
      <Filter>Source Files</Filter>
    </None>
    <None Include="CXMLPlug.rgs">
      <Filter>Resource Files</Filter>
    </None>
  </ItemGroup>
  <ItemGroup>
    <Midl Include="XML2OPCPlugin.idl">
      <Filter>Source Files</Filter>
    </Midl>
  </ItemGroup>
  <ItemGroup>
    <ResourceCompile Include="XML2OPCPlugin.rc">
      <Filter>Source Files</Filter>
    </ResourceCompile>
  </ItemGroup>
  <ItemGroup>
    <ClInclude Include="AsyncXMLRead.h">
      <Filter>Header Files</Filter>
    </ClInclude>
    <ClInclude Include="CThread.h">
      <Filter>Header Files</Filter>
    </ClInclude>
    <ClInclude Include="CXMLPlug.h">
      <Filter>Header Files</Filter>
    </ClInclude>
    <ClInclude Include="HelperFunc.h">
      <Filter>Header Files</Filter>
    </ClInclude>
    <ClInclude Include="Proxy_IPluginDataCallback.h">
      <Filter>Header Files</Filter>
    </ClInclude>
    <ClInclude Include="Resource.h">
      <Filter>Header Files</Filter>
    </ClInclude>
    <ClInclude Include="StdAfx.h">
      <Filter>Header Files</Filter>
    </ClInclude>
    <ClInclude Include="SimpleLogFile.h">
      <Filter>Header Files</Filter>
    </ClInclude>
  </ItemGroup>
  <ItemGroup>
    <Text Include="TODO.TXT" />
  </ItemGroup>
</Project>