<?xml version="1.0" encoding="utf-8"?>
<Project ToolsVersion="4.0" xmlns="http://schemas.microsoft.com/developer/msbuild/2003">
  <ItemGroup>
    <Filter Include="Source Files">
      <UniqueIdentifier>{1825fedf-10bb-4968-a984-5ef2d3c9912b}</UniqueIdentifier>
      <Extensions>cpp;c;cxx;rc;def;r;odl;idl;hpj;bat</Extensions>
    </Filter>
    <Filter Include="Header Files">
      <UniqueIdentifier>{c417eea9-0c1b-49d2-8777-a9adf633890d}</UniqueIdentifier>
      <Extensions>h;hpp;hxx;hm;inl</Extensions>
    </Filter>
    <Filter Include="Resource Files">
      <UniqueIdentifier>{b5592225-992e-4aef-998d-b639e01820e3}</UniqueIdentifier>
      <Extensions>ico;cur;bmp;dlg;rc2;rct;bin;rgs;gif;jpg;jpeg;jpe</Extensions>
    </Filter>
  </ItemGroup>
  <ItemGroup>
    <ClCompile Include="_Message.cpp">
      <Filter>Source Files</Filter>
    </ClCompile>
    <ClCompile Include="CChannelObj.cpp">
      <Filter>Source Files</Filter>
    </ClCompile>
    <ClCompile Include="CThread.cpp">
      <Filter>Source Files</Filter>
    </ClCompile>
    <ClCompile Include="DataPlugin.cpp">
      <Filter>Source Files</Filter>
    </ClCompile>
    <ClCompile Include="FilterString.cpp">
      <Filter>Source Files</Filter>
    </ClCompile>
    <ClCompile Include="Handlers.cpp">
      <Filter>Source Files</Filter>
    </ClCompile>
    <ClCompile Include="LocalNotify.cpp">
      <Filter>Source Files</Filter>
    </ClCompile>
    <ClCompile Include="MyOPCSrv.cpp">
      <Filter>Source Files</Filter>
    </ClCompile>
    <ClCompile Include="MyTestConf.cpp">
      <Filter>Source Files</Filter>
    </ClCompile>
    <ClCompile Include="ObjectID.cpp">
      <Filter>Source Files</Filter>
    </ClCompile>
    <ClCompile Include="OPC_PACK.CPP">
      <Filter>Source Files</Filter>
    </ClCompile>
    <ClCompile Include="OPCDMSvc.cpp">
      <Filter>Source Files</Filter>
    </ClCompile>
    <ClCompile Include="Proxy_IChannelDataCallback.cpp">
      <Filter>Source Files</Filter>
    </ClCompile>
    <ClCompile Include="SimpleLogFile.cpp">
      <Filter>Source Files</Filter>
    </ClCompile>
    <ClCompile Include="StdAfx.cpp">
      <Filter>Source Files</Filter>
    </ClCompile>
    <ClCompile Include="Tag.cpp">
      <Filter>Source Files</Filter>
    </ClCompile>
  </ItemGroup>
  <ItemGroup>
    <Midl Include="OPCDMSvc.idl">
      <Filter>Source Files</Filter>
    </Midl>
  </ItemGroup>
  <ItemGroup>
    <ResourceCompile Include="OPCDMSvc.rc">
      <Filter>Source Files</Filter>
    </ResourceCompile>
  </ItemGroup>
  <ItemGroup>
    <ClInclude Include="_Message.h">
      <Filter>Header Files</Filter>
    </ClInclude>
    <ClInclude Include="Cat_opc.h">
      <Filter>Header Files</Filter>
    </ClInclude>
    <ClInclude Include="CChannelObj.h">
      <Filter>Header Files</Filter>
    </ClInclude>
    <ClInclude Include="CThread.h">
      <Filter>Header Files</Filter>
    </ClInclude>
    <ClInclude Include="DataPlugin.h">
      <Filter>Header Files</Filter>
    </ClInclude>
    <ClInclude Include="FilterString.h">
      <Filter>Header Files</Filter>
    </ClInclude>
    <ClInclude Include="Handlers.h">
      <Filter>Header Files</Filter>
    </ClInclude>
    <ClInclude Include="LocalNotify.h">
      <Filter>Header Files</Filter>
    </ClInclude>
    <ClInclude Include="MyOPCSrv.h">
      <Filter>Header Files</Filter>
    </ClInclude>
    <ClInclude Include="MyTestConf.h">
      <Filter>Header Files</Filter>
    </ClInclude>
    <ClInclude Include="ObjectID.h">
      <Filter>Header Files</Filter>
    </ClInclude>
    <ClInclude Include="OPC_PACK.H">
      <Filter>Header Files</Filter>
    </ClInclude>
    <ClInclude Include="OPCDataCallbackCP.h">
      <Filter>Header Files</Filter>
    </ClInclude>
    <ClInclude Include="OPCDMErrors.h">
      <Filter>Header Files</Filter>
    </ClInclude>
    <ClInclude Include="OPCShutdownCP.h">
      <Filter>Header Files</Filter>
    </ClInclude>
    <ClInclude Include="Proxy_IChannelDataCallback.h">
      <Filter>Header Files</Filter>
    </ClInclude>
    <ClInclude Include="Resource.h">
      <Filter>Header Files</Filter>
    </ClInclude>
    <ClInclude Include="SimpleLogFile.h">
      <Filter>Header Files</Filter>
    </ClInclude>
    <ClInclude Include="StdAfx.h">
      <Filter>Header Files</Filter>
    </ClInclude>
    <ClInclude Include="Tag.h">
      <Filter>Header Files</Filter>
    </ClInclude>
  </ItemGroup>
  <ItemGroup>
    <None Include="CChannelObj.rgs">
      <Filter>Resource Files</Filter>
    </None>
    <None Include="MyOPCSrv.rgs">
      <Filter>Resource Files</Filter>
    </None>
    <None Include="MyTestConf.rgs">
      <Filter>Resource Files</Filter>
    </None>
    <None Include="OPCDMSvc.rgs">
      <Filter>Resource Files</Filter>
    </None>
  </ItemGroup>
  <ItemGroup>
    <Text Include="Описание.txt" />
    <Text Include="Что исправить.txt" />
  </ItemGroup>
</Project>